
Microsoft Visual Studio Solution File, Format Version 12.00
# Visual Studio Version 16
VisualStudioVersion = 16.0.31205.134
MinimumVisualStudioVersion = 10.0.40219.1
Project("{FAE04EC0-301F-11D3-BF4B-00C04F79EFBC}") = "LoAHF.Cache.Unpacker", "LoAHF.Cache.Unpacker\LoAHF.Cache.Unpacker.csproj", "{4ABFEE90-0670-4731-96DC-24707C071ADD}"
EndProject
Global
	GlobalSection(SolutionConfigurationPlatforms) = preSolution
		Debug|Any CPU = Debug|Any CPU
		Release|Any CPU = Release|Any CPU
	EndGlobalSection
	GlobalSection(ProjectConfigurationPlatforms) = postSolution
		{4ABFEE90-0670-4731-96DC-24707C071ADD}.Debug|Any CPU.ActiveCfg = Debug|Any CPU
		{4ABFEE90-0670-4731-96DC-24707C071ADD}.Debug|Any CPU.Build.0 = Debug|Any CPU
		{4ABFEE90-0670-4731-96DC-24707C071ADD}.Release|Any CPU.ActiveCfg = Release|Any CPU
		{4ABFEE90-0670-4731-96DC-24707C071ADD}.Release|Any CPU.Build.0 = Release|Any CPU
	EndGlobalSection
	GlobalSection(SolutionProperties) = preSolution
		HideSolutionNode = FALSE
	EndGlobalSection
	GlobalSection(ExtensibilityGlobals) = postSolution
		SolutionGuid = {BE7734C1-BF32-4969-B23E-4E8CC8A6DBF2}
	EndGlobalSection
EndGlobal
